
Microsoft Visual Studio Solution File, Format Version 12.00
# Visual Studio Version 17
VisualStudioVersion = 17.7.34031.279
MinimumVisualStudioVersion = 10.0.40219.1
Project("{9A19103F-16F7-4668-BE54-9A1E7A4F7556}") = "Ücretli", "Ücretli.csproj", "{AC1B18C6-503E-4FA2-A9FF-A726928AE5BC}"
EndProject
Project("{9A19103F-16F7-4668-BE54-9A1E7A4F7556}") = "Öğretmen Görevlendirme", "..\Öğretmen Görevlendirme\Öğretmen Görevlendirme\Öğretmen Görevlendirme.csproj", "{89C7C040-CA08-4137-BFC6-99498BCF3421}"
EndProject
Global
	GlobalSection(SolutionConfigurationPlatforms) = preSolution
		Debug|Any CPU = Debug|Any CPU
		Release|Any CPU = Release|Any CPU
	EndGlobalSection
	GlobalSection(ProjectConfigurationPlatforms) = postSolution
		{AC1B18C6-503E-4FA2-A9FF-A726928AE5BC}.Debug|Any CPU.ActiveCfg = Debug|Any CPU
		{AC1B18C6-503E-4FA2-A9FF-A726928AE5BC}.Debug|Any CPU.Build.0 = Debug|Any CPU
		{AC1B18C6-503E-4FA2-A9FF-A726928AE5BC}.Release|Any CPU.ActiveCfg = Release|Any CPU
		{AC1B18C6-503E-4FA2-A9FF-A726928AE5BC}.Release|Any CPU.Build.0 = Release|Any CPU
		{89C7C040-CA08-4137-BFC6-99498BCF3421}.Debug|Any CPU.ActiveCfg = Debug|Any CPU
		{89C7C040-CA08-4137-BFC6-99498BCF3421}.Debug|Any CPU.Build.0 = Debug|Any CPU
		{89C7C040-CA08-4137-BFC6-99498BCF3421}.Release|Any CPU.ActiveCfg = Release|Any CPU
		{89C7C040-CA08-4137-BFC6-99498BCF3421}.Release|Any CPU.Build.0 = Release|Any CPU
	EndGlobalSection
	GlobalSection(SolutionProperties) = preSolution
		HideSolutionNode = FALSE
	EndGlobalSection
	GlobalSection(ExtensibilityGlobals) = postSolution
		SolutionGuid = {C62FD6BA-9912-42D9-8988-974494F3E0CD}
	EndGlobalSection
EndGlobal
